
Microsoft Visual Studio Solution File, Format Version 12.00
# Visual Studio Version 16
VisualStudioVersion = 16.0.32228.343
MinimumVisualStudioVersion = 10.0.40219.1
Project("{FAE04EC0-301F-11D3-BF4B-00C04F79EFBC}") = "CNO.BPA.SendEmail", "CNO.BPA.SendEmail\CNO.BPA.SendEmail.csproj", "{B828CBB0-42B7-4348-A652-4075AAB8FDBB}"
EndProject
Global
	GlobalSection(SolutionConfigurationPlatforms) = preSolution
		Debug|Any CPU = Debug|Any CPU
		Release|Any CPU = Release|Any CPU
	EndGlobalSection
	GlobalSection(ProjectConfigurationPlatforms) = postSolution
		{B828CBB0-42B7-4348-A652-4075AAB8FDBB}.Debug|Any CPU.ActiveCfg = Debug|Any CPU
		{B828CBB0-42B7-4348-A652-4075AAB8FDBB}.Debug|Any CPU.Build.0 = Debug|Any CPU
		{B828CBB0-42B7-4348-A652-4075AAB8FDBB}.Release|Any CPU.ActiveCfg = Release|Any CPU
		{B828CBB0-42B7-4348-A652-4075AAB8FDBB}.Release|Any CPU.Build.0 = Release|Any CPU
	EndGlobalSection
	GlobalSection(SolutionProperties) = preSolution
		HideSolutionNode = FALSE
	EndGlobalSection
	GlobalSection(ExtensibilityGlobals) = postSolution
		SolutionGuid = {53B1B345-CA21-4B4D-A5B3-C096D58E2DAE}
	EndGlobalSection
EndGlobal
