
Microsoft Visual Studio Solution File, Format Version 10.00
# Visual Studio 2008
Project("{FAE04EC0-301F-11D3-BF4B-00C04F79EFBC}") = "CNO.BPA.SendEmail", "CNO.BPA.SendEmail\CNO.BPA.SendEmail.csproj", "{B828CBB0-42B7-4348-A652-4075AAB8FDBB}"
EndProject
Global
	GlobalSection(SolutionConfigurationPlatforms) = preSolution
		Debug|Any CPU = Debug|Any CPU
		Release|Any CPU = Release|Any CPU
	EndGlobalSection
	GlobalSection(ProjectConfigurationPlatforms) = postSolution
		{B828CBB0-42B7-4348-A652-4075AAB8FDBB}.Debug|Any CPU.ActiveCfg = Debug|Any CPU
		{B828CBB0-42B7-4348-A652-4075AAB8FDBB}.Debug|Any CPU.Build.0 = Debug|Any CPU
		{B828CBB0-42B7-4348-A652-4075AAB8FDBB}.Release|Any CPU.ActiveCfg = Release|Any CPU
		{B828CBB0-42B7-4348-A652-4075AAB8FDBB}.Release|Any CPU.Build.0 = Release|Any CPU
	EndGlobalSection
	GlobalSection(SolutionProperties) = preSolution
		HideSolutionNode = FALSE
	EndGlobalSection
EndGlobal
